
Microsoft Visual Studio Solution File, Format Version 12.00
# Visual Studio Version 17
VisualStudioVersion = 17.14.36310.24 d17.14
MinimumVisualStudioVersion = 10.0.40219.1
Project("{FAE04EC0-301F-11D3-BF4B-00C04F79EFBC}") = "activity3can you afford it", "activity3can you afford it.csproj", "{648F732E-FA5B-4877-B7BC-977F7856FF7F}"
EndProject
Global
	GlobalSection(SolutionConfigurationPlatforms) = preSolution
		Debug|Any CPU = Debug|Any CPU
		Release|Any CPU = Release|Any CPU
	EndGlobalSection
	GlobalSection(ProjectConfigurationPlatforms) = postSolution
		{648F732E-FA5B-4877-B7BC-977F7856FF7F}.Debug|Any CPU.ActiveCfg = Debug|Any CPU
		{648F732E-FA5B-4877-B7BC-977F7856FF7F}.Debug|Any CPU.Build.0 = Debug|Any CPU
		{648F732E-FA5B-4877-B7BC-977F7856FF7F}.Release|Any CPU.ActiveCfg = Release|Any CPU
		{648F732E-FA5B-4877-B7BC-977F7856FF7F}.Release|Any CPU.Build.0 = Release|Any CPU
	EndGlobalSection
	GlobalSection(SolutionProperties) = preSolution
		HideSolutionNode = FALSE
	EndGlobalSection
	GlobalSection(ExtensibilityGlobals) = postSolution
		SolutionGuid = {7FC1CA29-5884-4C36-A98E-790BD47A2134}
	EndGlobalSection
EndGlobal
